
Microsoft Visual Studio Solution File, Format Version 12.00
# Visual Studio Version 17
VisualStudioVersion = 17.7.34031.279
MinimumVisualStudioVersion = 10.0.40219.1
Project("{FAE04EC0-301F-11D3-BF4B-00C04F79EFBC}") = "SchedulingApp", "SchedulingApp\SchedulingApp.csproj", "{F77ED036-A427-4881-B46E-CF48B69AC72E}"
EndProject
Global
	GlobalSection(SolutionConfigurationPlatforms) = preSolution
		Debug|Any CPU = Debug|Any CPU
		Release|Any CPU = Release|Any CPU
	EndGlobalSection
	GlobalSection(ProjectConfigurationPlatforms) = postSolution
		{F77ED036-A427-4881-B46E-CF48B69AC72E}.Debug|Any CPU.ActiveCfg = Debug|Any CPU
		{F77ED036-A427-4881-B46E-CF48B69AC72E}.Debug|Any CPU.Build.0 = Debug|Any CPU
		{F77ED036-A427-4881-B46E-CF48B69AC72E}.Release|Any CPU.ActiveCfg = Release|Any CPU
		{F77ED036-A427-4881-B46E-CF48B69AC72E}.Release|Any CPU.Build.0 = Release|Any CPU
	EndGlobalSection
	GlobalSection(SolutionProperties) = preSolution
		HideSolutionNode = FALSE
	EndGlobalSection
	GlobalSection(ExtensibilityGlobals) = postSolution
		SolutionGuid = {7EF8831C-09EA-402C-A682-AF96E2990A99}
	EndGlobalSection
EndGlobal
